
Microsoft Visual Studio Solution File, Format Version 12.00
# Visual Studio Version 17
VisualStudioVersion = 17.3.32929.385
MinimumVisualStudioVersion = 10.0.40219.1
Project("{FAE04EC0-301F-11D3-BF4B-00C04F79EFBC}") = "Task_2", "Task_2\Task_2.csproj", "{FD5AB5C6-D1C9-4D64-A515-E57D48F6151F}"
EndProject
Global
	GlobalSection(SolutionConfigurationPlatforms) = preSolution
		Debug|Any CPU = Debug|Any CPU
		Release|Any CPU = Release|Any CPU
	EndGlobalSection
	GlobalSection(ProjectConfigurationPlatforms) = postSolution
		{FD5AB5C6-D1C9-4D64-A515-E57D48F6151F}.Debug|Any CPU.ActiveCfg = Debug|Any CPU
		{FD5AB5C6-D1C9-4D64-A515-E57D48F6151F}.Debug|Any CPU.Build.0 = Debug|Any CPU
		{FD5AB5C6-D1C9-4D64-A515-E57D48F6151F}.Release|Any CPU.ActiveCfg = Release|Any CPU
		{FD5AB5C6-D1C9-4D64-A515-E57D48F6151F}.Release|Any CPU.Build.0 = Release|Any CPU
	EndGlobalSection
	GlobalSection(SolutionProperties) = preSolution
		HideSolutionNode = FALSE
	EndGlobalSection
	GlobalSection(ExtensibilityGlobals) = postSolution
		SolutionGuid = {18E48EBC-15EB-4C0C-8475-A243A18AFF07}
	EndGlobalSection
EndGlobal
